
Microsoft Visual Studio Solution File, Format Version 12.00
# Visual Studio 15
VisualStudioVersion = 15.0.28307.1259
MinimumVisualStudioVersion = 10.0.40219.1
Project("{FAE04EC0-301F-11D3-BF4B-00C04F79EFBC}") = "SodaDungeonAdventureSystem", "SodaDungeonAdventureSystem\SodaDungeonAdventureSystem.csproj", "{95FC7CA6-0808-4907-ADE4-AD6C5487FF77}"
EndProject
Global
	GlobalSection(SolutionConfigurationPlatforms) = preSolution
		Debug|Any CPU = Debug|Any CPU
		Release|Any CPU = Release|Any CPU
	EndGlobalSection
	GlobalSection(ProjectConfigurationPlatforms) = postSolution
		{95FC7CA6-0808-4907-ADE4-AD6C5487FF77}.Debug|Any CPU.ActiveCfg = Debug|Any CPU
		{95FC7CA6-0808-4907-ADE4-AD6C5487FF77}.Debug|Any CPU.Build.0 = Debug|Any CPU
		{95FC7CA6-0808-4907-ADE4-AD6C5487FF77}.Release|Any CPU.ActiveCfg = Release|Any CPU
		{95FC7CA6-0808-4907-ADE4-AD6C5487FF77}.Release|Any CPU.Build.0 = Release|Any CPU
	EndGlobalSection
	GlobalSection(SolutionProperties) = preSolution
		HideSolutionNode = FALSE
	EndGlobalSection
	GlobalSection(ExtensibilityGlobals) = postSolution
		SolutionGuid = {B8AB68F0-21C3-41FF-A86C-246AD2A84AAF}
	EndGlobalSection
EndGlobal
